
Microsoft Visual Studio Solution File, Format Version 12.00
# Visual Studio Version 16
VisualStudioVersion = 16.0.30914.41
MinimumVisualStudioVersion = 10.0.40219.1
Project("{FAE04EC0-301F-11D3-BF4B-00C04F79EFBC}") = "GetIP", "GetIP\GetIP.csproj", "{11D59A25-0483-4011-A87C-39CD0CDCC03E}"
EndProject
Global
	GlobalSection(SolutionConfigurationPlatforms) = preSolution
		Debug|Any CPU = Debug|Any CPU
		Release|Any CPU = Release|Any CPU
	EndGlobalSection
	GlobalSection(ProjectConfigurationPlatforms) = postSolution
		{11D59A25-0483-4011-A87C-39CD0CDCC03E}.Debug|Any CPU.ActiveCfg = Debug|Any CPU
		{11D59A25-0483-4011-A87C-39CD0CDCC03E}.Debug|Any CPU.Build.0 = Debug|Any CPU
		{11D59A25-0483-4011-A87C-39CD0CDCC03E}.Release|Any CPU.ActiveCfg = Release|Any CPU
		{11D59A25-0483-4011-A87C-39CD0CDCC03E}.Release|Any CPU.Build.0 = Release|Any CPU
	EndGlobalSection
	GlobalSection(SolutionProperties) = preSolution
		HideSolutionNode = FALSE
	EndGlobalSection
	GlobalSection(ExtensibilityGlobals) = postSolution
		SolutionGuid = {A89E7E85-6998-46E8-83A8-73F76EA6866D}
	EndGlobalSection
EndGlobal
